// !$*UTF8*$!
{
	archiveVersion = 1;
	classes = {
	};
	objectVersion = 46;
	objects = {

/* Begin PBXBuildFile section */
		5B22B7EA1E97E38E0047917D /* StepperCell.swift in Sources */ = {isa = PBXBuildFile; fileRef = 5B22B7E91E97E38E0047917D /* StepperCell.swift */; };
		5B22B7EC1E97E3970047917D /* SliderCell.swift in Sources */ = {isa = PBXBuildFile; fileRef = 5B22B7EB1E97E3970047917D /* SliderCell.swift */; };
		5B22B7F11E97E3B80047917D /* TextCell.swift in Sources */ = {isa = PBXBuildFile; fileRef = 5B22B7F01E97E3B80047917D /* TextCell.swift */; };
		5B22B7F31E97E4370047917D /* TextCell.xib in Resources */ = {isa = PBXBuildFile; fileRef = 5B22B7F21E97E4370047917D /* TextCell.xib */; };
		5B22B7F51E97E4400047917D /* StepperCell.xib in Resources */ = {isa = PBXBuildFile; fileRef = 5B22B7F41E97E4400047917D /* StepperCell.xib */; };
		5B22B7F71E97E4480047917D /* SliderCell.xib in Resources */ = {isa = PBXBuildFile; fileRef = 5B22B7F61E97E4480047917D /* SliderCell.xib */; };
		5B22B7FD1E97F8280047917D /* Validator.swift in Sources */ = {isa = PBXBuildFile; fileRef = 5B22B7FC1E97F8280047917D /* Validator.swift */; };
		5B22B7FF1E97F8A50047917D /* Application Validators.swift in Sources */ = {isa = PBXBuildFile; fileRef = 5B22B7FE1E97F8A50047917D /* Application Validators.swift */; };
		5B3B35AA1E7D1E7800B61FF7 /* AutodisposePool.swift in Sources */ = {isa = PBXBuildFile; fileRef = 5B3B358C1E7D1E7800B61FF7 /* AutodisposePool.swift */; };
		5B3B35AB1E7D1E7800B61FF7 /* DeinitObservable.swift in Sources */ = {isa = PBXBuildFile; fileRef = 5B3B358D1E7D1E7800B61FF7 /* DeinitObservable.swift */; };
		5B3B35AC1E7D1E7800B61FF7 /* Disposable.swift in Sources */ = {isa = PBXBuildFile; fileRef = 5B3B358E1E7D1E7800B61FF7 /* Disposable.swift */; };
		5B3B35AD1E7D1E7800B61FF7 /* NSObject+DeinitObservable.swift in Sources */ = {isa = PBXBuildFile; fileRef = 5B3B358F1E7D1E7800B61FF7 /* NSObject+DeinitObservable.swift */; };
		5B3B35AE1E7D1E7800B61FF7 /* NSObject+Pool.swift in Sources */ = {isa = PBXBuildFile; fileRef = 5B3B35901E7D1E7800B61FF7 /* NSObject+Pool.swift */; };
		5B3B35AF1E7D1E7800B61FF7 /* Observable.swift in Sources */ = {isa = PBXBuildFile; fileRef = 5B3B35911E7D1E7800B61FF7 /* Observable.swift */; };
		5B3B35B01E7D1E7800B61FF7 /* Pipe.swift in Sources */ = {isa = PBXBuildFile; fileRef = 5B3B35921E7D1E7800B61FF7 /* Pipe.swift */; };
		5B3B35B11E7D1E7800B61FF7 /* Signal+Binding.swift in Sources */ = {isa = PBXBuildFile; fileRef = 5B3B35931E7D1E7800B61FF7 /* Signal+Binding.swift */; };
		5B3B35B21E7D1E7800B61FF7 /* Signal+BooleanType.swift in Sources */ = {isa = PBXBuildFile; fileRef = 5B3B35941E7D1E7800B61FF7 /* Signal+BooleanType.swift */; };
		5B3B35B31E7D1E7800B61FF7 /* Signal+Comparable.swift in Sources */ = {isa = PBXBuildFile; fileRef = 5B3B35951E7D1E7800B61FF7 /* Signal+Comparable.swift */; };
		5B3B35B41E7D1E7800B61FF7 /* Signal+Conversion.swift in Sources */ = {isa = PBXBuildFile; fileRef = 5B3B35961E7D1E7800B61FF7 /* Signal+Conversion.swift */; };
		5B3B35B51E7D1E7800B61FF7 /* Signal+Equatable.swift in Sources */ = {isa = PBXBuildFile; fileRef = 5B3B35971E7D1E7800B61FF7 /* Signal+Equatable.swift */; };
		5B3B35B61E7D1E7800B61FF7 /* Signal+KVO.swift in Sources */ = {isa = PBXBuildFile; fileRef = 5B3B35981E7D1E7800B61FF7 /* Signal+KVO.swift */; };
		5B3B35B71E7D1E7800B61FF7 /* Signal+Operations.swift in Sources */ = {isa = PBXBuildFile; fileRef = 5B3B35991E7D1E7800B61FF7 /* Signal+Operations.swift */; };
		5B3B35B81E7D1E7800B61FF7 /* Signal+Void.swift in Sources */ = {isa = PBXBuildFile; fileRef = 5B3B359A1E7D1E7800B61FF7 /* Signal+Void.swift */; };
		5B3B35B91E7D1E7800B61FF7 /* Signal.swift in Sources */ = {isa = PBXBuildFile; fileRef = 5B3B359B1E7D1E7800B61FF7 /* Signal.swift */; };
		5B3B35BA1E7D1E7800B61FF7 /* Subscription.swift in Sources */ = {isa = PBXBuildFile; fileRef = 5B3B359C1E7D1E7800B61FF7 /* Subscription.swift */; };
		5B3B35BB1E7D1E7800B61FF7 /* ControlProxy.m in Sources */ = {isa = PBXBuildFile; fileRef = 5B3B359F1E7D1E7800B61FF7 /* ControlProxy.m */; };
		5B3B35BC1E7D1E7800B61FF7 /* UIButton+Signal.swift in Sources */ = {isa = PBXBuildFile; fileRef = 5B3B35A01E7D1E7800B61FF7 /* UIButton+Signal.swift */; };
		5B3B35BD1E7D1E7800B61FF7 /* UIControl+Signal.swift in Sources */ = {isa = PBXBuildFile; fileRef = 5B3B35A11E7D1E7800B61FF7 /* UIControl+Signal.swift */; };
		5B3B35BE1E7D1E7800B61FF7 /* UIDatePicker+Signal.swift in Sources */ = {isa = PBXBuildFile; fileRef = 5B3B35A21E7D1E7800B61FF7 /* UIDatePicker+Signal.swift */; };
		5B3B35C01E7D1E7800B61FF7 /* UISlider+Signal.swift in Sources */ = {isa = PBXBuildFile; fileRef = 5B3B35A41E7D1E7800B61FF7 /* UISlider+Signal.swift */; };
		5B3B35C11E7D1E7800B61FF7 /* UIStepper+Signal.swift in Sources */ = {isa = PBXBuildFile; fileRef = 5B3B35A51E7D1E7800B61FF7 /* UIStepper+Signal.swift */; };
		5B3B35C21E7D1E7800B61FF7 /* UISwitch+Signal.swift in Sources */ = {isa = PBXBuildFile; fileRef = 5B3B35A61E7D1E7800B61FF7 /* UISwitch+Signal.swift */; };
		5B3B35C31E7D1E7800B61FF7 /* UITextField+Signal.swift in Sources */ = {isa = PBXBuildFile; fileRef = 5B3B35A71E7D1E7800B61FF7 /* UITextField+Signal.swift */; };
		5B3B35C41E7D1E7800B61FF7 /* USegmentedControl+Signal.swift in Sources */ = {isa = PBXBuildFile; fileRef = 5B3B35A81E7D1E7800B61FF7 /* USegmentedControl+Signal.swift */; };
		5B3B35C51E7D1E7800B61FF7 /* UIView+Signal.swift in Sources */ = {isa = PBXBuildFile; fileRef = 5B3B35A91E7D1E7800B61FF7 /* UIView+Signal.swift */; };
		B8DD663A1E98DE6E001F6034 /* InputFieldDisplaying.swift in Sources */ = {isa = PBXBuildFile; fileRef = B8DD66391E98DE6E001F6034 /* InputFieldDisplaying.swift */; };
		B8DD663C1E98FBCC001F6034 /* InputFormBuilder.swift in Sources */ = {isa = PBXBuildFile; fileRef = B8DD663B1E98FBCC001F6034 /* InputFormBuilder.swift */; };
		FD4D72751E740D9E00A2C9FB /* AppDelegate.swift in Sources */ = {isa = PBXBuildFile; fileRef = FD4D72741E740D9E00A2C9FB /* AppDelegate.swift */; };
		FD4D72771E740D9E00A2C9FB /* ViewController.swift in Sources */ = {isa = PBXBuildFile; fileRef = FD4D72761E740D9E00A2C9FB /* ViewController.swift */; };
		FD4D727A1E740D9E00A2C9FB /* Main.storyboard in Resources */ = {isa = PBXBuildFile; fileRef = FD4D72781E740D9E00A2C9FB /* Main.storyboard */; };
		FD4D727D1E740D9E00A2C9FB /* Workshop.xcdatamodeld in Sources */ = {isa = PBXBuildFile; fileRef = FD4D727B1E740D9E00A2C9FB /* Workshop.xcdatamodeld */; };
		FD4D727F1E740D9E00A2C9FB /* Assets.xcassets in Resources */ = {isa = PBXBuildFile; fileRef = FD4D727E1E740D9E00A2C9FB /* Assets.xcassets */; };
		FD4D72821E740D9E00A2C9FB /* LaunchScreen.storyboard in Resources */ = {isa = PBXBuildFile; fileRef = FD4D72801E740D9E00A2C9FB /* LaunchScreen.storyboard */; };
		FD4D728A1E740DFB00A2C9FB /* InputForm.swift in Sources */ = {isa = PBXBuildFile; fileRef = FD4D72891E740DFB00A2C9FB /* InputForm.swift */; };
		FD4D728C1E740E0800A2C9FB /* User.swift in Sources */ = {isa = PBXBuildFile; fileRef = FD4D728B1E740E0800A2C9FB /* User.swift */; };
		FD4D728E1E7412B900A2C9FB /* InputField.swift in Sources */ = {isa = PBXBuildFile; fileRef = FD4D728D1E7412B900A2C9FB /* InputField.swift */; };
/* End PBXBuildFile section */

/* Begin PBXFileReference section */
		5B22B7E91E97E38E0047917D /* StepperCell.swift */ = {isa = PBXFileReference; fileEncoding = 4; lastKnownFileType = sourcecode.swift; path = StepperCell.swift; sourceTree = "<group>"; };
		5B22B7EB1E97E3970047917D /* SliderCell.swift */ = {isa = PBXFileReference; fileEncoding = 4; lastKnownFileType = sourcecode.swift; path = SliderCell.swift; sourceTree = "<group>"; };
		5B22B7F01E97E3B80047917D /* TextCell.swift */ = {isa = PBXFileReference; fileEncoding = 4; lastKnownFileType = sourcecode.swift; path = TextCell.swift; sourceTree = "<group>"; };
		5B22B7F21E97E4370047917D /* TextCell.xib */ = {isa = PBXFileReference; fileEncoding = 4; lastKnownFileType = file.xib; path = TextCell.xib; sourceTree = "<group>"; };
		5B22B7F41E97E4400047917D /* StepperCell.xib */ = {isa = PBXFileReference; fileEncoding = 4; lastKnownFileType = file.xib; path = StepperCell.xib; sourceTree = "<group>"; };
		5B22B7F61E97E4480047917D /* SliderCell.xib */ = {isa = PBXFileReference; fileEncoding = 4; lastKnownFileType = file.xib; path = SliderCell.xib; sourceTree = "<group>"; };
		5B22B7FC1E97F8280047917D /* Validator.swift */ = {isa = PBXFileReference; fileEncoding = 4; lastKnownFileType = sourcecode.swift; path = Validator.swift; sourceTree = "<group>"; };
		5B22B7FE1E97F8A50047917D /* Application Validators.swift */ = {isa = PBXFileReference; fileEncoding = 4; lastKnownFileType = sourcecode.swift; path = "Application Validators.swift"; sourceTree = "<group>"; };
		5B3B358C1E7D1E7800B61FF7 /* AutodisposePool.swift */ = {isa = PBXFileReference; fileEncoding = 4; lastKnownFileType = sourcecode.swift; path = AutodisposePool.swift; sourceTree = "<group>"; };
		5B3B358D1E7D1E7800B61FF7 /* DeinitObservable.swift */ = {isa = PBXFileReference; fileEncoding = 4; lastKnownFileType = sourcecode.swift; path = DeinitObservable.swift; sourceTree = "<group>"; };
		5B3B358E1E7D1E7800B61FF7 /* Disposable.swift */ = {isa = PBXFileReference; fileEncoding = 4; lastKnownFileType = sourcecode.swift; path = Disposable.swift; sourceTree = "<group>"; };
		5B3B358F1E7D1E7800B61FF7 /* NSObject+DeinitObservable.swift */ = {isa = PBXFileReference; fileEncoding = 4; lastKnownFileType = sourcecode.swift; path = "NSObject+DeinitObservable.swift"; sourceTree = "<group>"; };
		5B3B35901E7D1E7800B61FF7 /* NSObject+Pool.swift */ = {isa = PBXFileReference; fileEncoding = 4; lastKnownFileType = sourcecode.swift; path = "NSObject+Pool.swift"; sourceTree = "<group>"; };
		5B3B35911E7D1E7800B61FF7 /* Observable.swift */ = {isa = PBXFileReference; fileEncoding = 4; lastKnownFileType = sourcecode.swift; path = Observable.swift; sourceTree = "<group>"; };
		5B3B35921E7D1E7800B61FF7 /* Pipe.swift */ = {isa = PBXFileReference; fileEncoding = 4; lastKnownFileType = sourcecode.swift; path = Pipe.swift; sourceTree = "<group>"; };
		5B3B35931E7D1E7800B61FF7 /* Signal+Binding.swift */ = {isa = PBXFileReference; fileEncoding = 4; lastKnownFileType = sourcecode.swift; path = "Signal+Binding.swift"; sourceTree = "<group>"; };
		5B3B35941E7D1E7800B61FF7 /* Signal+BooleanType.swift */ = {isa = PBXFileReference; fileEncoding = 4; lastKnownFileType = sourcecode.swift; path = "Signal+BooleanType.swift"; sourceTree = "<group>"; };
		5B3B35951E7D1E7800B61FF7 /* Signal+Comparable.swift */ = {isa = PBXFileReference; fileEncoding = 4; lastKnownFileType = sourcecode.swift; path = "Signal+Comparable.swift"; sourceTree = "<group>"; };
		5B3B35961E7D1E7800B61FF7 /* Signal+Conversion.swift */ = {isa = PBXFileReference; fileEncoding = 4; lastKnownFileType = sourcecode.swift; path = "Signal+Conversion.swift"; sourceTree = "<group>"; };
		5B3B35971E7D1E7800B61FF7 /* Signal+Equatable.swift */ = {isa = PBXFileReference; fileEncoding = 4; lastKnownFileType = sourcecode.swift; path = "Signal+Equatable.swift"; sourceTree = "<group>"; };
		5B3B35981E7D1E7800B61FF7 /* Signal+KVO.swift */ = {isa = PBXFileReference; fileEncoding = 4; lastKnownFileType = sourcecode.swift; path = "Signal+KVO.swift"; sourceTree = "<group>"; };
		5B3B35991E7D1E7800B61FF7 /* Signal+Operations.swift */ = {isa = PBXFileReference; fileEncoding = 4; lastKnownFileType = sourcecode.swift; path = "Signal+Operations.swift"; sourceTree = "<group>"; };
		5B3B359A1E7D1E7800B61FF7 /* Signal+Void.swift */ = {isa = PBXFileReference; fileEncoding = 4; lastKnownFileType = sourcecode.swift; path = "Signal+Void.swift"; sourceTree = "<group>"; };
		5B3B359B1E7D1E7800B61FF7 /* Signal.swift */ = {isa = PBXFileReference; fileEncoding = 4; lastKnownFileType = sourcecode.swift; path = Signal.swift; sourceTree = "<group>"; };
		5B3B359C1E7D1E7800B61FF7 /* Subscription.swift */ = {isa = PBXFileReference; fileEncoding = 4; lastKnownFileType = sourcecode.swift; path = Subscription.swift; sourceTree = "<group>"; };
		5B3B359E1E7D1E7800B61FF7 /* ControlProxy.h */ = {isa = PBXFileReference; fileEncoding = 4; lastKnownFileType = sourcecode.c.h; path = ControlProxy.h; sourceTree = "<group>"; };
		5B3B359F1E7D1E7800B61FF7 /* ControlProxy.m */ = {isa = PBXFileReference; fileEncoding = 4; lastKnownFileType = sourcecode.c.objc; path = ControlProxy.m; sourceTree = "<group>"; };
		5B3B35A01E7D1E7800B61FF7 /* UIButton+Signal.swift */ = {isa = PBXFileReference; fileEncoding = 4; lastKnownFileType = sourcecode.swift; path = "UIButton+Signal.swift"; sourceTree = "<group>"; };
		5B3B35A11E7D1E7800B61FF7 /* UIControl+Signal.swift */ = {isa = PBXFileReference; fileEncoding = 4; lastKnownFileType = sourcecode.swift; path = "UIControl+Signal.swift"; sourceTree = "<group>"; };
		5B3B35A21E7D1E7800B61FF7 /* UIDatePicker+Signal.swift */ = {isa = PBXFileReference; fileEncoding = 4; lastKnownFileType = sourcecode.swift; path = "UIDatePicker+Signal.swift"; sourceTree = "<group>"; };
		5B3B35A41E7D1E7800B61FF7 /* UISlider+Signal.swift */ = {isa = PBXFileReference; fileEncoding = 4; lastKnownFileType = sourcecode.swift; path = "UISlider+Signal.swift"; sourceTree = "<group>"; };
		5B3B35A51E7D1E7800B61FF7 /* UIStepper+Signal.swift */ = {isa = PBXFileReference; fileEncoding = 4; lastKnownFileType = sourcecode.swift; path = "UIStepper+Signal.swift"; sourceTree = "<group>"; };
		5B3B35A61E7D1E7800B61FF7 /* UISwitch+Signal.swift */ = {isa = PBXFileReference; fileEncoding = 4; lastKnownFileType = sourcecode.swift; path = "UISwitch+Signal.swift"; sourceTree = "<group>"; };
		5B3B35A71E7D1E7800B61FF7 /* UITextField+Signal.swift */ = {isa = PBXFileReference; fileEncoding = 4; lastKnownFileType = sourcecode.swift; path = "UITextField+Signal.swift"; sourceTree = "<group>"; };
		5B3B35A81E7D1E7800B61FF7 /* USegmentedControl+Signal.swift */ = {isa = PBXFileReference; fileEncoding = 4; lastKnownFileType = sourcecode.swift; path = "USegmentedControl+Signal.swift"; sourceTree = "<group>"; };
		5B3B35A91E7D1E7800B61FF7 /* UIView+Signal.swift */ = {isa = PBXFileReference; fileEncoding = 4; lastKnownFileType = sourcecode.swift; path = "UIView+Signal.swift"; sourceTree = "<group>"; };
		5B3B35C61E7D1E9E00B61FF7 /* BridgingHeader.h */ = {isa = PBXFileReference; lastKnownFileType = sourcecode.c.h; path = BridgingHeader.h; sourceTree = "<group>"; };
		B8DD66391E98DE6E001F6034 /* InputFieldDisplaying.swift */ = {isa = PBXFileReference; fileEncoding = 4; lastKnownFileType = sourcecode.swift; path = InputFieldDisplaying.swift; sourceTree = "<group>"; };
		B8DD663B1E98FBCC001F6034 /* InputFormBuilder.swift */ = {isa = PBXFileReference; fileEncoding = 4; lastKnownFileType = sourcecode.swift; path = InputFormBuilder.swift; sourceTree = "<group>"; };
		FD4D72711E740D9E00A2C9FB /* Workshop.app */ = {isa = PBXFileReference; explicitFileType = wrapper.application; includeInIndex = 0; path = Workshop.app; sourceTree = BUILT_PRODUCTS_DIR; };
		FD4D72741E740D9E00A2C9FB /* AppDelegate.swift */ = {isa = PBXFileReference; lastKnownFileType = sourcecode.swift; path = AppDelegate.swift; sourceTree = "<group>"; };
		FD4D72761E740D9E00A2C9FB /* ViewController.swift */ = {isa = PBXFileReference; lastKnownFileType = sourcecode.swift; path = ViewController.swift; sourceTree = "<group>"; };
		FD4D72791E740D9E00A2C9FB /* Base */ = {isa = PBXFileReference; lastKnownFileType = file.storyboard; name = Base; path = Base.lproj/Main.storyboard; sourceTree = "<group>"; };
		FD4D727C1E740D9E00A2C9FB /* Workshop.xcdatamodel */ = {isa = PBXFileReference; lastKnownFileType = wrapper.xcdatamodel; path = Workshop.xcdatamodel; sourceTree = "<group>"; };
		FD4D727E1E740D9E00A2C9FB /* Assets.xcassets */ = {isa = PBXFileReference; lastKnownFileType = folder.assetcatalog; path = Assets.xcassets; sourceTree = "<group>"; };
		FD4D72811E740D9E00A2C9FB /* Base */ = {isa = PBXFileReference; lastKnownFileType = file.storyboard; name = Base; path = Base.lproj/LaunchScreen.storyboard; sourceTree = "<group>"; };
		FD4D72831E740D9E00A2C9FB /* Info.plist */ = {isa = PBXFileReference; lastKnownFileType = text.plist.xml; path = Info.plist; sourceTree = "<group>"; };
		FD4D72891E740DFB00A2C9FB /* InputForm.swift */ = {isa = PBXFileReference; fileEncoding = 4; lastKnownFileType = sourcecode.swift; path = InputForm.swift; sourceTree = "<group>"; };
		FD4D728B1E740E0800A2C9FB /* User.swift */ = {isa = PBXFileReference; fileEncoding = 4; lastKnownFileType = sourcecode.swift; path = User.swift; sourceTree = "<group>"; };
		FD4D728D1E7412B900A2C9FB /* InputField.swift */ = {isa = PBXFileReference; fileEncoding = 4; lastKnownFileType = sourcecode.swift; path = InputField.swift; sourceTree = "<group>"; };
/* End PBXFileReference section */

/* Begin PBXFrameworksBuildPhase section */
		FD4D726E1E740D9D00A2C9FB /* Frameworks */ = {
			isa = PBXFrameworksBuildPhase;
			buildActionMask = 2147483647;
			files = (
			);
			runOnlyForDeploymentPostprocessing = 0;
		};
/* End PBXFrameworksBuildPhase section */

/* Begin PBXGroup section */
		5B22B7E51E97E2FA0047917D /* Cells */ = {
			isa = PBXGroup;
			children = (
				5B22B7EF1E97E3B80047917D /* Text */,
				5B22B7E81E97E32B0047917D /* Stepper */,
				5B22B7E71E97E3210047917D /* Slider */,
				B8DD66391E98DE6E001F6034 /* InputFieldDisplaying.swift */,
			);
			path = Cells;
			sourceTree = "<group>";
		};
		5B22B7E71E97E3210047917D /* Slider */ = {
			isa = PBXGroup;
			children = (
				5B22B7EB1E97E3970047917D /* SliderCell.swift */,
				5B22B7F61E97E4480047917D /* SliderCell.xib */,
			);
			path = Slider;
			sourceTree = "<group>";
		};
		5B22B7E81E97E32B0047917D /* Stepper */ = {
			isa = PBXGroup;
			children = (
				5B22B7E91E97E38E0047917D /* StepperCell.swift */,
				5B22B7F41E97E4400047917D /* StepperCell.xib */,
			);
			path = Stepper;
			sourceTree = "<group>";
		};
		5B22B7EF1E97E3B80047917D /* Text */ = {
			isa = PBXGroup;
			children = (
				5B22B7F01E97E3B80047917D /* TextCell.swift */,
				5B22B7F21E97E4370047917D /* TextCell.xib */,
			);
			path = Text;
			sourceTree = "<group>";
		};
		5B22B7FB1E97F8210047917D /* Validator */ = {
			isa = PBXGroup;
			children = (
				5B22B7FC1E97F8280047917D /* Validator.swift */,
				5B22B7FE1E97F8A50047917D /* Application Validators.swift */,
			);
			name = Validator;
			path = Workshop/Validator;
			sourceTree = "<group>";
		};
		5B3B358B1E7D1E7800B61FF7 /* JetPack */ = {
			isa = PBXGroup;
			children = (
				5B3B358C1E7D1E7800B61FF7 /* AutodisposePool.swift */,
				5B3B358D1E7D1E7800B61FF7 /* DeinitObservable.swift */,
				5B3B358E1E7D1E7800B61FF7 /* Disposable.swift */,
				5B3B358F1E7D1E7800B61FF7 /* NSObject+DeinitObservable.swift */,
				5B3B35901E7D1E7800B61FF7 /* NSObject+Pool.swift */,
				5B3B35911E7D1E7800B61FF7 /* Observable.swift */,
				5B3B35921E7D1E7800B61FF7 /* Pipe.swift */,
				5B3B35931E7D1E7800B61FF7 /* Signal+Binding.swift */,
				5B3B35941E7D1E7800B61FF7 /* Signal+BooleanType.swift */,
				5B3B35951E7D1E7800B61FF7 /* Signal+Comparable.swift */,
				5B3B35961E7D1E7800B61FF7 /* Signal+Conversion.swift */,
				5B3B35971E7D1E7800B61FF7 /* Signal+Equatable.swift */,
				5B3B35981E7D1E7800B61FF7 /* Signal+KVO.swift */,
				5B3B35991E7D1E7800B61FF7 /* Signal+Operations.swift */,
				5B3B359A1E7D1E7800B61FF7 /* Signal+Void.swift */,
				5B3B359B1E7D1E7800B61FF7 /* Signal.swift */,
				5B3B359C1E7D1E7800B61FF7 /* Subscription.swift */,
				5B3B359D1E7D1E7800B61FF7 /* UIKit+Signal */,
				5B3B35A91E7D1E7800B61FF7 /* UIView+Signal.swift */,
			);
			path = JetPack;
			sourceTree = "<group>";
		};
		5B3B359D1E7D1E7800B61FF7 /* UIKit+Signal */ = {
			isa = PBXGroup;
			children = (
				5B3B359E1E7D1E7800B61FF7 /* ControlProxy.h */,
				5B3B359F1E7D1E7800B61FF7 /* ControlProxy.m */,
				5B3B35A01E7D1E7800B61FF7 /* UIButton+Signal.swift */,
				5B3B35A11E7D1E7800B61FF7 /* UIControl+Signal.swift */,
				5B3B35A21E7D1E7800B61FF7 /* UIDatePicker+Signal.swift */,
				5B3B35A41E7D1E7800B61FF7 /* UISlider+Signal.swift */,
				5B3B35A51E7D1E7800B61FF7 /* UIStepper+Signal.swift */,
				5B3B35A61E7D1E7800B61FF7 /* UISwitch+Signal.swift */,
				5B3B35A71E7D1E7800B61FF7 /* UITextField+Signal.swift */,
				5B3B35A81E7D1E7800B61FF7 /* USegmentedControl+Signal.swift */,
			);
			path = "UIKit+Signal";
			sourceTree = "<group>";
		};
		FD4D72681E740D9D00A2C9FB = {
			isa = PBXGroup;
			children = (
				5B22B7FB1E97F8210047917D /* Validator */,
				FD4D72731E740D9E00A2C9FB /* Workshop */,
				FD4D72721E740D9E00A2C9FB /* Products */,
			);
			sourceTree = "<group>";
		};
		FD4D72721E740D9E00A2C9FB /* Products */ = {
			isa = PBXGroup;
			children = (
				FD4D72711E740D9E00A2C9FB /* Workshop.app */,
			);
			name = Products;
			sourceTree = "<group>";
		};
		FD4D72731E740D9E00A2C9FB /* Workshop */ = {
			isa = PBXGroup;
			children = (
				FD4D72741E740D9E00A2C9FB /* AppDelegate.swift */,
				FD4D727E1E740D9E00A2C9FB /* Assets.xcassets */,
				5B3B35C61E7D1E9E00B61FF7 /* BridgingHeader.h */,
				5B22B7E51E97E2FA0047917D /* Cells */,
				FD4D72831E740D9E00A2C9FB /* Info.plist */,
				FD4D728D1E7412B900A2C9FB /* InputField.swift */,
				FD4D72891E740DFB00A2C9FB /* InputForm.swift */,
				B8DD663B1E98FBCC001F6034 /* InputFormBuilder.swift */,
				5B3B358B1E7D1E7800B61FF7 /* JetPack */,
				FD4D72801E740D9E00A2C9FB /* LaunchScreen.storyboard */,
				FD4D72781E740D9E00A2C9FB /* Main.storyboard */,
				FD4D728B1E740E0800A2C9FB /* User.swift */,
				FD4D72761E740D9E00A2C9FB /* ViewController.swift */,
				FD4D727B1E740D9E00A2C9FB /* Workshop.xcdatamodeld */,
			);
			path = Workshop;
			sourceTree = "<group>";
		};
/* End PBXGroup section */

/* Begin PBXNativeTarget section */
		FD4D72701E740D9D00A2C9FB /* Workshop */ = {
			isa = PBXNativeTarget;
			buildConfigurationList = FD4D72861E740D9E00A2C9FB /* Build configuration list for PBXNativeTarget "Workshop" */;
			buildPhases = (
				FD4D726D1E740D9D00A2C9FB /* Sources */,
				FD4D726E1E740D9D00A2C9FB /* Frameworks */,
				FD4D726F1E740D9D00A2C9FB /* Resources */,
			);
			buildRules = (
			);
			dependencies = (
			);
			name = Workshop;
			productName = Workshop;
			productReference = FD4D72711E740D9E00A2C9FB /* Workshop.app */;
			productType = "com.apple.product-type.application";
		};
/* End PBXNativeTarget section */

/* Begin PBXProject section */
		FD4D72691E740D9D00A2C9FB /* Project object */ = {
			isa = PBXProject;
			attributes = {
				LastSwiftUpdateCheck = 0820;
				LastUpgradeCheck = 0820;
				ORGANIZATIONNAME = "Jack Lapin";
				TargetAttributes = {
					FD4D72701E740D9D00A2C9FB = {
						CreatedOnToolsVersion = 8.2.1;
						ProvisioningStyle = Automatic;
					};
				};
			};
			buildConfigurationList = FD4D726C1E740D9D00A2C9FB /* Build configuration list for PBXProject "Workshop" */;
			compatibilityVersion = "Xcode 3.2";
			developmentRegion = English;
			hasScannedForEncodings = 0;
			knownRegions = (
				en,
				Base,
			);
			mainGroup = FD4D72681E740D9D00A2C9FB;
			productRefGroup = FD4D72721E740D9E00A2C9FB /* Products */;
			projectDirPath = "";
			projectRoot = "";
			targets = (
				FD4D72701E740D9D00A2C9FB /* Workshop */,
			);
		};
/* End PBXProject section */

/* Begin PBXResourcesBuildPhase section */
		FD4D726F1E740D9D00A2C9FB /* Resources */ = {
			isa = PBXResourcesBuildPhase;
			buildActionMask = 2147483647;
			files = (
				FD4D72821E740D9E00A2C9FB /* LaunchScreen.storyboard in Resources */,
				5B22B7F71E97E4480047917D /* SliderCell.xib in Resources */,
				FD4D727F1E740D9E00A2C9FB /* Assets.xcassets in Resources */,
				5B22B7F31E97E4370047917D /* TextCell.xib in Resources */,
				5B22B7F51E97E4400047917D /* StepperCell.xib in Resources */,
				FD4D727A1E740D9E00A2C9FB /* Main.storyboard in Resources */,
			);
			runOnlyForDeploymentPostprocessing = 0;
		};
/* End PBXResourcesBuildPhase section */

/* Begin PBXSourcesBuildPhase section */
		FD4D726D1E740D9D00A2C9FB /* Sources */ = {
			isa = PBXSourcesBuildPhase;
			buildActionMask = 2147483647;
			files = (
				FD4D727D1E740D9E00A2C9FB /* Workshop.xcdatamodeld in Sources */,
				5B22B7EC1E97E3970047917D /* SliderCell.swift in Sources */,
				5B3B35B31E7D1E7800B61FF7 /* Signal+Comparable.swift in Sources */,
				5B3B35BC1E7D1E7800B61FF7 /* UIButton+Signal.swift in Sources */,
				5B3B35C31E7D1E7800B61FF7 /* UITextField+Signal.swift in Sources */,
				5B3B35C01E7D1E7800B61FF7 /* UISlider+Signal.swift in Sources */,
				5B3B35AC1E7D1E7800B61FF7 /* Disposable.swift in Sources */,
				FD4D72771E740D9E00A2C9FB /* ViewController.swift in Sources */,
				5B3B35BA1E7D1E7800B61FF7 /* Subscription.swift in Sources */,
				5B3B35BE1E7D1E7800B61FF7 /* UIDatePicker+Signal.swift in Sources */,
				5B3B35B11E7D1E7800B61FF7 /* Signal+Binding.swift in Sources */,
				5B3B35AD1E7D1E7800B61FF7 /* NSObject+DeinitObservable.swift in Sources */,
				5B22B7FF1E97F8A50047917D /* Application Validators.swift in Sources */,
				5B3B35AF1E7D1E7800B61FF7 /* Observable.swift in Sources */,
				5B3B35BD1E7D1E7800B61FF7 /* UIControl+Signal.swift in Sources */,
				FD4D728A1E740DFB00A2C9FB /* InputForm.swift in Sources */,
				B8DD663A1E98DE6E001F6034 /* InputFieldDisplaying.swift in Sources */,
				5B22B7FD1E97F8280047917D /* Validator.swift in Sources */,
				5B3B35AB1E7D1E7800B61FF7 /* DeinitObservable.swift in Sources */,
				FD4D728C1E740E0800A2C9FB /* User.swift in Sources */,
				5B3B35AA1E7D1E7800B61FF7 /* AutodisposePool.swift in Sources */,
				5B22B7EA1E97E38E0047917D /* StepperCell.swift in Sources */,
				5B22B7F11E97E3B80047917D /* TextCell.swift in Sources */,
				5B3B35C51E7D1E7800B61FF7 /* UIView+Signal.swift in Sources */,
				5B3B35BB1E7D1E7800B61FF7 /* ControlProxy.m in Sources */,
				5B3B35B01E7D1E7800B61FF7 /* Pipe.swift in Sources */,
				5B3B35C41E7D1E7800B61FF7 /* USegmentedControl+Signal.swift in Sources */,
				5B3B35B61E7D1E7800B61FF7 /* Signal+KVO.swift in Sources */,
				B8DD663C1E98FBCC001F6034 /* InputFormBuilder.swift in Sources */,
				FD4D72751E740D9E00A2C9FB /* AppDelegate.swift in Sources */,
				5B3B35AE1E7D1E7800B61FF7 /* NSObject+Pool.swift in Sources */,
				5B3B35B51E7D1E7800B61FF7 /* Signal+Equatable.swift in Sources */,
				5B3B35C11E7D1E7800B61FF7 /* UIStepper+Signal.swift in Sources */,
				5B3B35B81E7D1E7800B61FF7 /* Signal+Void.swift in Sources */,
				5B3B35C21E7D1E7800B61FF7 /* UISwitch+Signal.swift in Sources */,
				5B3B35B21E7D1E7800B61FF7 /* Signal+BooleanType.swift in Sources */,
				5B3B35B41E7D1E7800B61FF7 /* Signal+Conversion.swift in Sources */,
				FD4D728E1E7412B900A2C9FB /* InputField.swift in Sources */,
				5B3B35B71E7D1E7800B61FF7 /* Signal+Operations.swift in Sources */,
				5B3B35B91E7D1E7800B61FF7 /* Signal.swift in Sources */,
			);
			runOnlyForDeploymentPostprocessing = 0;
		};
/* End PBXSourcesBuildPhase section */

/* Begin PBXVariantGroup section */
		FD4D72781E740D9E00A2C9FB /* Main.storyboard */ = {
			isa = PBXVariantGroup;
			children = (
				FD4D72791E740D9E00A2C9FB /* Base */,
			);
			name = Main.storyboard;
			sourceTree = "<group>";
		};
		FD4D72801E740D9E00A2C9FB /* LaunchScreen.storyboard */ = {
			isa = PBXVariantGroup;
			children = (
				FD4D72811E740D9E00A2C9FB /* Base */,
			);
			name = LaunchScreen.storyboard;
			sourceTree = "<group>";
		};
/* End PBXVariantGroup section */

/* Begin XCBuildConfiguration section */
		FD4D72841E740D9E00A2C9FB /* Debug */ = {
			isa = XCBuildConfiguration;
			buildSettings = {
				ALWAYS_SEARCH_USER_PATHS = NO;
				CLANG_ANALYZER_NONNULL = YES;
				CLANG_CXX_LANGUAGE_STANDARD = "gnu++0x";
				CLANG_CXX_LIBRARY = "libc++";
				CLANG_ENABLE_MODULES = YES;
				CLANG_ENABLE_OBJC_ARC = YES;
				CLANG_WARN_BOOL_CONVERSION = YES;
				CLANG_WARN_CONSTANT_CONVERSION = YES;
				CLANG_WARN_DIRECT_OBJC_ISA_USAGE = YES_ERROR;
				CLANG_WARN_DOCUMENTATION_COMMENTS = YES;
				CLANG_WARN_EMPTY_BODY = YES;
				CLANG_WARN_ENUM_CONVERSION = YES;
				CLANG_WARN_INFINITE_RECURSION = YES;
				CLANG_WARN_INT_CONVERSION = YES;
				CLANG_WARN_OBJC_ROOT_CLASS = YES_ERROR;
				CLANG_WARN_SUSPICIOUS_MOVE = YES;
				CLANG_WARN_UNREACHABLE_CODE = YES;
				CLANG_WARN__DUPLICATE_METHOD_MATCH = YES;
				"CODE_SIGN_IDENTITY[sdk=iphoneos*]" = "iPhone Developer";
				COPY_PHASE_STRIP = NO;
				DEBUG_INFORMATION_FORMAT = dwarf;
				ENABLE_STRICT_OBJC_MSGSEND = YES;
				ENABLE_TESTABILITY = YES;
				GCC_C_LANGUAGE_STANDARD = gnu99;
				GCC_DYNAMIC_NO_PIC = NO;
				GCC_NO_COMMON_BLOCKS = YES;
				GCC_OPTIMIZATION_LEVEL = 0;
				GCC_PREPROCESSOR_DEFINITIONS = (
					"DEBUG=1",
					"$(inherited)",
				);
				GCC_WARN_64_TO_32_BIT_CONVERSION = YES;
				GCC_WARN_ABOUT_RETURN_TYPE = YES_ERROR;
				GCC_WARN_UNDECLARED_SELECTOR = YES;
				GCC_WARN_UNINITIALIZED_AUTOS = YES_AGGRESSIVE;
				GCC_WARN_UNUSED_FUNCTION = YES;
				GCC_WARN_UNUSED_VARIABLE = YES;
				IPHONEOS_DEPLOYMENT_TARGET = 10.2;
				MTL_ENABLE_DEBUG_INFO = YES;
				ONLY_ACTIVE_ARCH = YES;
				SDKROOT = iphoneos;
				SWIFT_ACTIVE_COMPILATION_CONDITIONS = DEBUG;
				SWIFT_OPTIMIZATION_LEVEL = "-Onone";
				TARGETED_DEVICE_FAMILY = "1,2";
			};
			name = Debug;
		};
		FD4D72851E740D9E00A2C9FB /* Release */ = {
			isa = XCBuildConfiguration;
			buildSettings = {
				ALWAYS_SEARCH_USER_PATHS = NO;
				CLANG_ANALYZER_NONNULL = YES;
				CLANG_CXX_LANGUAGE_STANDARD = "gnu++0x";
				CLANG_CXX_LIBRARY = "libc++";
				CLANG_ENABLE_MODULES = YES;
				CLANG_ENABLE_OBJC_ARC = YES;
				CLANG_WARN_BOOL_CONVERSION = YES;
				CLANG_WARN_CONSTANT_CONVERSION = YES;
				CLANG_WARN_DIRECT_OBJC_ISA_USAGE = YES_ERROR;
				CLANG_WARN_DOCUMENTATION_COMMENTS = YES;
				CLANG_WARN_EMPTY_BODY = YES;
				CLANG_WARN_ENUM_CONVERSION = YES;
				CLANG_WARN_INFINITE_RECURSION = YES;
				CLANG_WARN_INT_CONVERSION = YES;
				CLANG_WARN_OBJC_ROOT_CLASS = YES_ERROR;
				CLANG_WARN_SUSPICIOUS_MOVE = YES;
				CLANG_WARN_UNREACHABLE_CODE = YES;
				CLANG_WARN__DUPLICATE_METHOD_MATCH = YES;
				"CODE_SIGN_IDENTITY[sdk=iphoneos*]" = "iPhone Developer";
				COPY_PHASE_STRIP = NO;
				DEBUG_INFORMATION_FORMAT = "dwarf-with-dsym";
				ENABLE_NS_ASSERTIONS = NO;
				ENABLE_STRICT_OBJC_MSGSEND = YES;
				GCC_C_LANGUAGE_STANDARD = gnu99;
				GCC_NO_COMMON_BLOCKS = YES;
				GCC_WARN_64_TO_32_BIT_CONVERSION = YES;
				GCC_WARN_ABOUT_RETURN_TYPE = YES_ERROR;
				GCC_WARN_UNDECLARED_SELECTOR = YES;
				GCC_WARN_UNINITIALIZED_AUTOS = YES_AGGRESSIVE;
				GCC_WARN_UNUSED_FUNCTION = YES;
				GCC_WARN_UNUSED_VARIABLE = YES;
				IPHONEOS_DEPLOYMENT_TARGET = 10.2;
				MTL_ENABLE_DEBUG_INFO = NO;
				SDKROOT = iphoneos;
				SWIFT_OPTIMIZATION_LEVEL = "-Owholemodule";
				TARGETED_DEVICE_FAMILY = "1,2";
				VALIDATE_PRODUCT = YES;
			};
			name = Release;
		};
		FD4D72871E740D9E00A2C9FB /* Debug */ = {
			isa = XCBuildConfiguration;
			buildSettings = {
				ASSETCATALOG_COMPILER_APPICON_NAME = AppIcon;
				INFOPLIST_FILE = Workshop/Info.plist;
				LD_RUNPATH_SEARCH_PATHS = "$(inherited) @executable_path/Frameworks";
				PRODUCT_BUNDLE_IDENTIFIER = com.Workshop;
				PRODUCT_NAME = "$(TARGET_NAME)";
				SWIFT_OBJC_BRIDGING_HEADER = "$(SRCROOT)/Workshop/BridgingHeader.h";
				SWIFT_VERSION = 3.0;
			};
			name = Debug;
		};
		FD4D72881E740D9E00A2C9FB /* Release */ = {
			isa = XCBuildConfiguration;
			buildSettings = {
				ASSETCATALOG_COMPILER_APPICON_NAME = AppIcon;
				INFOPLIST_FILE = Workshop/Info.plist;
				LD_RUNPATH_SEARCH_PATHS = "$(inherited) @executable_path/Frameworks";
				PRODUCT_BUNDLE_IDENTIFIER = com.Workshop;
				PRODUCT_NAME = "$(TARGET_NAME)";
				SWIFT_OBJC_BRIDGING_HEADER = "$(SRCROOT)/Workshop/BridgingHeader.h";
				SWIFT_VERSION = 3.0;
			};
			name = Release;
		};
/* End XCBuildConfiguration section */

/* Begin XCConfigurationList section */
		FD4D726C1E740D9D00A2C9FB /* Build configuration list for PBXProject "Workshop" */ = {
			isa = XCConfigurationList;
			buildConfigurations = (
				FD4D72841E740D9E00A2C9FB /* Debug */,
				FD4D72851E740D9E00A2C9FB /* Release */,
			);
			defaultConfigurationIsVisible = 0;
			defaultConfigurationName = Release;
		};
		FD4D72861E740D9E00A2C9FB /* Build configuration list for PBXNativeTarget "Workshop" */ = {
			isa = XCConfigurationList;
			buildConfigurations = (
				FD4D72871E740D9E00A2C9FB /* Debug */,
				FD4D72881E740D9E00A2C9FB /* Release */,
			);
			defaultConfigurationIsVisible = 0;
			defaultConfigurationName = Release;
		};
/* End XCConfigurationList section */

/* Begin XCVersionGroup section */
		FD4D727B1E740D9E00A2C9FB /* Workshop.xcdatamodeld */ = {
			isa = XCVersionGroup;
			children = (
				FD4D727C1E740D9E00A2C9FB /* Workshop.xcdatamodel */,
			);
			currentVersion = FD4D727C1E740D9E00A2C9FB /* Workshop.xcdatamodel */;
			path = Workshop.xcdatamodeld;
			sourceTree = "<group>";
			versionGroupType = wrapper.xcdatamodel;
		};
/* End XCVersionGroup section */
	};
	rootObject = FD4D72691E740D9D00A2C9FB /* Project object */;
}
